// !$*UTF8*$!
{
	archiveVersion = 1;
	classes = {
	};
	objectVersion = 77;
	objects = {

/* Begin PBXContainerItemProxy section */
		D1576F712DAE4E02007F0143 /* PBXContainerItemProxy */ = {
			isa = PBXContainerItemProxy;
			containerPortal = D1576F522DAE4DFC007F0143 /* Project object */;
			proxyType = 1;
			remoteGlobalIDString = D1576F592DAE4DFD007F0143;
			remoteInfo = iBeacon;
		};
		D1576F7B2DAE4E02007F0143 /* PBXContainerItemProxy */ = {
			isa = PBXContainerItemProxy;
			containerPortal = D1576F522DAE4DFC007F0143 /* Project object */;
			proxyType = 1;
			remoteGlobalIDString = D1576F592DAE4DFD007F0143;
			remoteInfo = iBeacon;
		};
/* End PBXContainerItemProxy section */

/* Begin PBXFileReference section */
		D1576F5A2DAE4DFD007F0143 /* iBeacon.app */ = {isa = PBXFileReference; explicitFileType = wrapper.application; includeInIndex = 0; path = iBeacon.app; sourceTree = BUILT_PRODUCTS_DIR; };
		D1576F702DAE4E02007F0143 /* iBeaconTests.xctest */ = {isa = PBXFileReference; explicitFileType = wrapper.cfbundle; includeInIndex = 0; path = iBeaconTests.xctest; sourceTree = BUILT_PRODUCTS_DIR; };
		D1576F7A2DAE4E02007F0143 /* iBeaconUITests.xctest */ = {isa = PBXFileReference; explicitFileType = wrapper.cfbundle; includeInIndex = 0; path = iBeaconUITests.xctest; sourceTree = BUILT_PRODUCTS_DIR; };
/* End PBXFileReference section */

/* Begin PBXFileSystemSynchronizedBuildFileExceptionSet section */
		D1576F822DAE4E02007F0143 /* Exceptions for "iBeacon" folder in "iBeacon" target */ = {
			isa = PBXFileSystemSynchronizedBuildFileExceptionSet;
			membershipExceptions = (
				Info.plist,
			);
			target = D1576F592DAE4DFD007F0143 /* iBeacon */;
		};
/* End PBXFileSystemSynchronizedBuildFileExceptionSet section */

/* Begin PBXFileSystemSynchronizedRootGroup section */
		D1576F5C2DAE4DFD007F0143 /* iBeacon */ = {
			isa = PBXFileSystemSynchronizedRootGroup;
			exceptions = (
				D1576F822DAE4E02007F0143 /* Exceptions for "iBeacon" folder in "iBeacon" target */,
			);
			path = iBeacon;
			sourceTree = "<group>";
		};
		D1576F732DAE4E02007F0143 /* iBeaconTests */ = {
			isa = PBXFileSystemSynchronizedRootGroup;
			path = iBeaconTests;
			sourceTree = "<group>";
		};
		D1576F7D2DAE4E02007F0143 /* iBeaconUITests */ = {
			isa = PBXFileSystemSynchronizedRootGroup;
			path = iBeaconUITests;
			sourceTree = "<group>";
		};
/* End PBXFileSystemSynchronizedRootGroup section */

/* Begin PBXFrameworksBuildPhase section */
		D1576F572DAE4DFD007F0143 /* Frameworks */ = {
			isa = PBXFrameworksBuildPhase;
			buildActionMask = 2147483647;
			files = (
			);
			runOnlyForDeploymentPostprocessing = 0;
		};
		D1576F6D2DAE4E02007F0143 /* Frameworks */ = {
			isa = PBXFrameworksBuildPhase;
			buildActionMask = 2147483647;
			files = (
			);
			runOnlyForDeploymentPostprocessing = 0;
		};
		D1576F772DAE4E02007F0143 /* Frameworks */ = {
			isa = PBXFrameworksBuildPhase;
			buildActionMask = 2147483647;
			files = (
			);
			runOnlyForDeploymentPostprocessing = 0;
		};
/* End PBXFrameworksBuildPhase section */

/* Begin PBXGroup section */
		D1576F512DAE4DFC007F0143 = {
			isa = PBXGroup;
			children = (
				D1576F5C2DAE4DFD007F0143 /* iBeacon */,
				D1576F732DAE4E02007F0143 /* iBeaconTests */,
				D1576F7D2DAE4E02007F0143 /* iBeaconUITests */,
				D1576F5B2DAE4DFD007F0143 /* Products */,
			);
			sourceTree = "<group>";
		};
		D1576F5B2DAE4DFD007F0143 /* Products */ = {
			isa = PBXGroup;
			children = (
				D1576F5A2DAE4DFD007F0143 /* iBeacon.app */,
				D1576F702DAE4E02007F0143 /* iBeaconTests.xctest */,
				D1576F7A2DAE4E02007F0143 /* iBeaconUITests.xctest */,
			);
			name = Products;
			sourceTree = "<group>";
		};
/* End PBXGroup section */

/* Begin PBXNativeTarget section */
		D1576F592DAE4DFD007F0143 /* iBeacon */ = {
			isa = PBXNativeTarget;
			buildConfigurationList = D1576F832DAE4E02007F0143 /* Build configuration list for PBXNativeTarget "iBeacon" */;
			buildPhases = (
				D1576F562DAE4DFD007F0143 /* Sources */,
				D1576F572DAE4DFD007F0143 /* Frameworks */,
				D1576F582DAE4DFD007F0143 /* Resources */,
			);
			buildRules = (
			);
			dependencies = (
			);
			fileSystemSynchronizedGroups = (
				D1576F5C2DAE4DFD007F0143 /* iBeacon */,
			);
			name = iBeacon;
			packageProductDependencies = (
			);
			productName = iBeacon;
			productReference = D1576F5A2DAE4DFD007F0143 /* iBeacon.app */;
			productType = "com.apple.product-type.application";
		};
		D1576F6F2DAE4E02007F0143 /* iBeaconTests */ = {
			isa = PBXNativeTarget;
			buildConfigurationList = D1576F882DAE4E02007F0143 /* Build configuration list for PBXNativeTarget "iBeaconTests" */;
			buildPhases = (
				D1576F6C2DAE4E02007F0143 /* Sources */,
				D1576F6D2DAE4E02007F0143 /* Frameworks */,
				D1576F6E2DAE4E02007F0143 /* Resources */,
			);
			buildRules = (
			);
			dependencies = (
				D1576F722DAE4E02007F0143 /* PBXTargetDependency */,
			);
			fileSystemSynchronizedGroups = (
				D1576F732DAE4E02007F0143 /* iBeaconTests */,
			);
			name = iBeaconTests;
			packageProductDependencies = (
			);
			productName = iBeaconTests;
			productReference = D1576F702DAE4E02007F0143 /* iBeaconTests.xctest */;
			productType = "com.apple.product-type.bundle.unit-test";
		};
		D1576F792DAE4E02007F0143 /* iBeaconUITests */ = {
			isa = PBXNativeTarget;
			buildConfigurationList = D1576F8B2DAE4E02007F0143 /* Build configuration list for PBXNativeTarget "iBeaconUITests" */;
			buildPhases = (
				D1576F762DAE4E02007F0143 /* Sources */,
				D1576F772DAE4E02007F0143 /* Frameworks */,
				D1576F782DAE4E02007F0143 /* Resources */,
			);
			buildRules = (
			);
			dependencies = (
				D1576F7C2DAE4E02007F0143 /* PBXTargetDependency */,
			);
			fileSystemSynchronizedGroups = (
				D1576F7D2DAE4E02007F0143 /* iBeaconUITests */,
			);
			name = iBeaconUITests;
			packageProductDependencies = (
			);
			productName = iBeaconUITests;
			productReference = D1576F7A2DAE4E02007F0143 /* iBeaconUITests.xctest */;
			productType = "com.apple.product-type.bundle.ui-testing";
		};
/* End PBXNativeTarget section */

/* Begin PBXProject section */
		D1576F522DAE4DFC007F0143 /* Project object */ = {
			isa = PBXProject;
			attributes = {
				BuildIndependentTargetsInParallel = 1;
				LastSwiftUpdateCheck = 1620;
				LastUpgradeCheck = 1620;
				TargetAttributes = {
					D1576F592DAE4DFD007F0143 = {
						CreatedOnToolsVersion = 16.2;
					};
					D1576F6F2DAE4E02007F0143 = {
						CreatedOnToolsVersion = 16.2;
						TestTargetID = D1576F592DAE4DFD007F0143;
					};
					D1576F792DAE4E02007F0143 = {
						CreatedOnToolsVersion = 16.2;
						TestTargetID = D1576F592DAE4DFD007F0143;
					};
				};
			};
			buildConfigurationList = D1576F552DAE4DFC007F0143 /* Build configuration list for PBXProject "iBeacon" */;
			developmentRegion = en;
			hasScannedForEncodings = 0;
			knownRegions = (
				en,
				Base,
			);
			mainGroup = D1576F512DAE4DFC007F0143;
			minimizedProjectReferenceProxies = 1;
			preferredProjectObjectVersion = 77;
			productRefGroup = D1576F5B2DAE4DFD007F0143 /* Products */;
			projectDirPath = "";
			projectRoot = "";
			targets = (
				D1576F592DAE4DFD007F0143 /* iBeacon */,
				D1576F6F2DAE4E02007F0143 /* iBeaconTests */,
				D1576F792DAE4E02007F0143 /* iBeaconUITests */,
			);
		};
/* End PBXProject section */

/* Begin PBXResourcesBuildPhase section */
		D1576F582DAE4DFD007F0143 /* Resources */ = {
			isa = PBXResourcesBuildPhase;
			buildActionMask = 2147483647;
			files = (
			);
			runOnlyForDeploymentPostprocessing = 0;
		};
		D1576F6E2DAE4E02007F0143 /* Resources */ = {
			isa = PBXResourcesBuildPhase;
			buildActionMask = 2147483647;
			files = (
			);
			runOnlyForDeploymentPostprocessing = 0;
		};
		D1576F782DAE4E02007F0143 /* Resources */ = {
			isa = PBXResourcesBuildPhase;
			buildActionMask = 2147483647;
			files = (
			);
			runOnlyForDeploymentPostprocessing = 0;
		};
/* End PBXResourcesBuildPhase section */

/* Begin PBXSourcesBuildPhase section */
		D1576F562DAE4DFD007F0143 /* Sources */ = {
			isa = PBXSourcesBuildPhase;
			buildActionMask = 2147483647;
			files = (
			);
			runOnlyForDeploymentPostprocessing = 0;
		};
		D1576F6C2DAE4E02007F0143 /* Sources */ = {
			isa = PBXSourcesBuildPhase;
			buildActionMask = 2147483647;
			files = (
			);
			runOnlyForDeploymentPostprocessing = 0;
		};
		D1576F762DAE4E02007F0143 /* Sources */ = {
			isa = PBXSourcesBuildPhase;
			buildActionMask = 2147483647;
			files = (
			);
			runOnlyForDeploymentPostprocessing = 0;
		};
/* End PBXSourcesBuildPhase section */

/* Begin PBXTargetDependency section */
		D1576F722DAE4E02007F0143 /* PBXTargetDependency */ = {
			isa = PBXTargetDependency;
			target = D1576F592DAE4DFD007F0143 /* iBeacon */;
			targetProxy = D1576F712DAE4E02007F0143 /* PBXContainerItemProxy */;
		};
		D1576F7C2DAE4E02007F0143 /* PBXTargetDependency */ = {
			isa = PBXTargetDependency;
			target = D1576F592DAE4DFD007F0143 /* iBeacon */;
			targetProxy = D1576F7B2DAE4E02007F0143 /* PBXContainerItemProxy */;
		};
/* End PBXTargetDependency section */

/* Begin XCBuildConfiguration section */
		D1576F842DAE4E02007F0143 /* Debug */ = {
			isa = XCBuildConfiguration;
			buildSettings = {
				ASSETCATALOG_COMPILER_APPICON_NAME = AppIcon;
				ASSETCATALOG_COMPILER_GLOBAL_ACCENT_COLOR_NAME = AccentColor;
				CODE_SIGN_STYLE = Automatic;
				CURRENT_PROJECT_VERSION = 1;
				DEVELOPMENT_TEAM = RAHA84PR5X;
				GENERATE_INFOPLIST_FILE = YES;
				INFOPLIST_FILE = iBeacon/Info.plist;
				INFOPLIST_KEY_UIApplicationSupportsIndirectInputEvents = YES;
				INFOPLIST_KEY_UILaunchStoryboardName = LaunchScreen;
				INFOPLIST_KEY_UIMainStoryboardFile = Main;
				INFOPLIST_KEY_UISupportedInterfaceOrientations_iPad = "UIInterfaceOrientationPortrait UIInterfaceOrientationPortraitUpsideDown UIInterfaceOrientationLandscapeLeft UIInterfaceOrientationLandscapeRight";
				INFOPLIST_KEY_UISupportedInterfaceOrientations_iPhone = "UIInterfaceOrientationPortrait UIInterfaceOrientationLandscapeLeft UIInterfaceOrientationLandscapeRight";
				LD_RUNPATH_SEARCH_PATHS = (
					"$(inherited)",
					"@executable_path/Frameworks",
				);
				MARKETING_VERSION = 1.0;
				PRODUCT_BUNDLE_IDENTIFIER = annie.iBeacon;
				PRODUCT_NAME = "$(TARGET_NAME)";
				SWIFT_EMIT_LOC_STRINGS = YES;
				SWIFT_VERSION = 5.0;
				TARGETED_DEVICE_FAMILY = "1,2";
			};
			name = Debug;
		};
		D1576F852DAE4E02007F0143 /* Release */ = {
			isa = XCBuildConfiguration;
			buildSettings = {
				ASSETCATALOG_COMPILER_APPICON_NAME = AppIcon;
				ASSETCATALOG_COMPILER_GLOBAL_ACCENT_COLOR_NAME = AccentColor;
				CODE_SIGN_STYLE = Automatic;
				CURRENT_PROJECT_VERSION = 1;
				DEVELOPMENT_TEAM = RAHA84PR5X;
				GENERATE_INFOPLIST_FILE = YES;
				INFOPLIST_FILE = iBeacon/Info.plist;
				INFOPLIST_KEY_UIApplicationSupportsIndirectInputEvents = YES;
				INFOPLIST_KEY_UILaunchStoryboardName = LaunchScreen;
				INFOPLIST_KEY_UIMainStoryboardFile = Main;
				INFOPLIST_KEY_UISupportedInterfaceOrientations_iPad = "UIInterfaceOrientationPortrait UIInterfaceOrientationPortraitUpsideDown UIInterfaceOrientationLandscapeLeft UIInterfaceOrientationLandscapeRight";
				INFOPLIST_KEY_UISupportedInterfaceOrientations_iPhone = "UIInterfaceOrientationPortrait UIInterfaceOrientationLandscapeLeft UIInterfaceOrientationLandscapeRight";
				LD_RUNPATH_SEARCH_PATHS = (
					"$(inherited)",
					"@executable_path/Frameworks",
				);
				MARKETING_VERSION = 1.0;
				PRODUCT_BUNDLE_IDENTIFIER = annie.iBeacon;
				PRODUCT_NAME = "$(TARGET_NAME)";
				SWIFT_EMIT_LOC_STRINGS = YES;
				SWIFT_VERSION = 5.0;
				TARGETED_DEVICE_FAMILY = "1,2";
			};
			name = Release;
		};
		D1576F862DAE4E02007F0143 /* Debug */ = {
			isa = XCBuildConfiguration;
			buildSettings = {
				ALWAYS_SEARCH_USER_PATHS = NO;
				ASSETCATALOG_COMPILER_GENERATE_SWIFT_ASSET_SYMBOL_EXTENSIONS = YES;
				CLANG_ANALYZER_NONNULL = YES;
				CLANG_ANALYZER_NUMBER_OBJECT_CONVERSION = YES_AGGRESSIVE;
				CLANG_CXX_LANGUAGE_STANDARD = "gnu++20";
				CLANG_ENABLE_MODULES = YES;
				CLANG_ENABLE_OBJC_ARC = YES;
				CLANG_ENABLE_OBJC_WEAK = YES;
				CLANG_WARN_BLOCK_CAPTURE_AUTORELEASING = YES;
				CLANG_WARN_BOOL_CONVERSION = YES;
				CLANG_WARN_COMMA = YES;
				CLANG_WARN_CONSTANT_CONVERSION = YES;
				CLANG_WARN_DEPRECATED_OBJC_IMPLEMENTATIONS = YES;
				CLANG_WARN_DIRECT_OBJC_ISA_USAGE = YES_ERROR;
				CLANG_WARN_DOCUMENTATION_COMMENTS = YES;
				CLANG_WARN_EMPTY_BODY = YES;
				CLANG_WARN_ENUM_CONVERSION = YES;
				CLANG_WARN_INFINITE_RECURSION = YES;
				CLANG_WARN_INT_CONVERSION = YES;
				CLANG_WARN_NON_LITERAL_NULL_CONVERSION = YES;
				CLANG_WARN_OBJC_IMPLICIT_RETAIN_SELF = YES;
				CLANG_WARN_OBJC_LITERAL_CONVERSION = YES;
				CLANG_WARN_OBJC_ROOT_CLASS = YES_ERROR;
				CLANG_WARN_QUOTED_INCLUDE_IN_FRAMEWORK_HEADER = YES;
				CLANG_WARN_RANGE_LOOP_ANALYSIS = YES;
				CLANG_WARN_STRICT_PROTOTYPES = YES;
				CLANG_WARN_SUSPICIOUS_MOVE = YES;
				CLANG_WARN_UNGUARDED_AVAILABILITY = YES_AGGRESSIVE;
				CLANG_WARN_UNREACHABLE_CODE = YES;
				CLANG_WARN__DUPLICATE_METHOD_MATCH = YES;
				COPY_PHASE_STRIP = NO;
				DEBUG_INFORMATION_FORMAT = dwarf;
				ENABLE_STRICT_OBJC_MSGSEND = YES;
				ENABLE_TESTABILITY = YES;
				ENABLE_USER_SCRIPT_SANDBOXING = YES;
				GCC_C_LANGUAGE_STANDARD = gnu17;
				GCC_DYNAMIC_NO_PIC = NO;
				GCC_NO_COMMON_BLOCKS = YES;
				GCC_OPTIMIZATION_LEVEL = 0;
				GCC_PREPROCESSOR_DEFINITIONS = (
					"DEBUG=1",
					"$(inherited)",
				);
				GCC_WARN_64_TO_32_BIT_CONVERSION = YES;
				GCC_WARN_ABOUT_RETURN_TYPE = YES_ERROR;
				GCC_WARN_UNDECLARED_SELECTOR = YES;
				GCC_WARN_UNINITIALIZED_AUTOS = YES_AGGRESSIVE;
				GCC_WARN_UNUSED_FUNCTION = YES;
				GCC_WARN_UNUSED_VARIABLE = YES;
				IPHONEOS_DEPLOYMENT_TARGET = 18.2;
				LOCALIZATION_PREFERS_STRING_CATALOGS = YES;
				MTL_ENABLE_DEBUG_INFO = INCLUDE_SOURCE;
				MTL_FAST_MATH = YES;
				ONLY_ACTIVE_ARCH = YES;
				SDKROOT = iphoneos;
				SWIFT_ACTIVE_COMPILATION_CONDITIONS = "DEBUG $(inherited)";
				SWIFT_OPTIMIZATION_LEVEL = "-Onone";
			};
			name = Debug;
		};
		D1576F872DAE4E02007F0143 /* Release */ = {
			isa = XCBuildConfiguration;
			buildSettings = {
				ALWAYS_SEARCH_USER_PATHS = NO;
				ASSETCATALOG_COMPILER_GENERATE_SWIFT_ASSET_SYMBOL_EXTENSIONS = YES;
				CLANG_ANALYZER_NONNULL = YES;
				CLANG_ANALYZER_NUMBER_OBJECT_CONVERSION = YES_AGGRESSIVE;
				CLANG_CXX_LANGUAGE_STANDARD = "gnu++20";
				CLANG_ENABLE_MODULES = YES;
				CLANG_ENABLE_OBJC_ARC = YES;
				CLANG_ENABLE_OBJC_WEAK = YES;
				CLANG_WARN_BLOCK_CAPTURE_AUTORELEASING = YES;
				CLANG_WARN_BOOL_CONVERSION = YES;
				CLANG_WARN_COMMA = YES;
				CLANG_WARN_CONSTANT_CONVERSION = YES;
				CLANG_WARN_DEPRECATED_OBJC_IMPLEMENTATIONS = YES;
				CLANG_WARN_DIRECT_OBJC_ISA_USAGE = YES_ERROR;
				CLANG_WARN_DOCUMENTATION_COMMENTS = YES;
				CLANG_WARN_EMPTY_BODY = YES;
				CLANG_WARN_ENUM_CONVERSION = YES;
				CLANG_WARN_INFINITE_RECURSION = YES;
				CLANG_WARN_INT_CONVERSION = YES;
				CLANG_WARN_NON_LITERAL_NULL_CONVERSION = YES;
				CLANG_WARN_OBJC_IMPLICIT_RETAIN_SELF = YES;
				CLANG_WARN_OBJC_LITERAL_CONVERSION = YES;
				CLANG_WARN_OBJC_ROOT_CLASS = YES_ERROR;
				CLANG_WARN_QUOTED_INCLUDE_IN_FRAMEWORK_HEADER = YES;
				CLANG_WARN_RANGE_LOOP_ANALYSIS = YES;
				CLANG_WARN_STRICT_PROTOTYPES = YES;
				CLANG_WARN_SUSPICIOUS_MOVE = YES;
				CLANG_WARN_UNGUARDED_AVAILABILITY = YES_AGGRESSIVE;
				CLANG_WARN_UNREACHABLE_CODE = YES;
				CLANG_WARN__DUPLICATE_METHOD_MATCH = YES;
				COPY_PHASE_STRIP = NO;
				DEBUG_INFORMATION_FORMAT = "dwarf-with-dsym";
				ENABLE_NS_ASSERTIONS = NO;
				ENABLE_STRICT_OBJC_MSGSEND = YES;
				ENABLE_USER_SCRIPT_SANDBOXING = YES;
				GCC_C_LANGUAGE_STANDARD = gnu17;
				GCC_NO_COMMON_BLOCKS = YES;
				GCC_WARN_64_TO_32_BIT_CONVERSION = YES;
				GCC_WARN_ABOUT_RETURN_TYPE = YES_ERROR;
				GCC_WARN_UNDECLARED_SELECTOR = YES;
				GCC_WARN_UNINITIALIZED_AUTOS = YES_AGGRESSIVE;
				GCC_WARN_UNUSED_FUNCTION = YES;
				GCC_WARN_UNUSED_VARIABLE = YES;
				IPHONEOS_DEPLOYMENT_TARGET = 18.2;
				LOCALIZATION_PREFERS_STRING_CATALOGS = YES;
				MTL_ENABLE_DEBUG_INFO = NO;
				MTL_FAST_MATH = YES;
				SDKROOT = iphoneos;
				SWIFT_COMPILATION_MODE = wholemodule;
				VALIDATE_PRODUCT = YES;
			};
			name = Release;
		};
		D1576F892DAE4E02007F0143 /* Debug */ = {
			isa = XCBuildConfiguration;
			buildSettings = {
				BUNDLE_LOADER = "$(TEST_HOST)";
				CODE_SIGN_STYLE = Automatic;
				CURRENT_PROJECT_VERSION = 1;
				GENERATE_INFOPLIST_FILE = YES;
				IPHONEOS_DEPLOYMENT_TARGET = 18.2;
				MARKETING_VERSION = 1.0;
				PRODUCT_BUNDLE_IDENTIFIER = annie.iBeaconTests;
				PRODUCT_NAME = "$(TARGET_NAME)";
				SWIFT_EMIT_LOC_STRINGS = NO;
				SWIFT_VERSION = 5.0;
				TARGETED_DEVICE_FAMILY = "1,2";
				TEST_HOST = "$(BUILT_PRODUCTS_DIR)/iBeacon.app/$(BUNDLE_EXECUTABLE_FOLDER_PATH)/iBeacon";
			};
			name = Debug;
		};
		D1576F8A2DAE4E02007F0143 /* Release */ = {
			isa = XCBuildConfiguration;
			buildSettings = {
				BUNDLE_LOADER = "$(TEST_HOST)";
				CODE_SIGN_STYLE = Automatic;
				CURRENT_PROJECT_VERSION = 1;
				GENERATE_INFOPLIST_FILE = YES;
				IPHONEOS_DEPLOYMENT_TARGET = 18.2;
				MARKETING_VERSION = 1.0;
				PRODUCT_BUNDLE_IDENTIFIER = annie.iBeaconTests;
				PRODUCT_NAME = "$(TARGET_NAME)";
				SWIFT_EMIT_LOC_STRINGS = NO;
				SWIFT_VERSION = 5.0;
				TARGETED_DEVICE_FAMILY = "1,2";
				TEST_HOST = "$(BUILT_PRODUCTS_DIR)/iBeacon.app/$(BUNDLE_EXECUTABLE_FOLDER_PATH)/iBeacon";
			};
			name = Release;
		};
		D1576F8C2DAE4E02007F0143 /* Debug */ = {
			isa = XCBuildConfiguration;
			buildSettings = {
				CODE_SIGN_STYLE = Automatic;
				CURRENT_PROJECT_VERSION = 1;
				GENERATE_INFOPLIST_FILE = YES;
				MARKETING_VERSION = 1.0;
				PRODUCT_BUNDLE_IDENTIFIER = annie.iBeaconUITests;
				PRODUCT_NAME = "$(TARGET_NAME)";
				SWIFT_EMIT_LOC_STRINGS = NO;
				SWIFT_VERSION = 5.0;
				TARGETED_DEVICE_FAMILY = "1,2";
				TEST_TARGET_NAME = iBeacon;
			};
			name = Debug;
		};
		D1576F8D2DAE4E02007F0143 /* Release */ = {
			isa = XCBuildConfiguration;
			buildSettings = {
				CODE_SIGN_STYLE = Automatic;
				CURRENT_PROJECT_VERSION = 1;
				GENERATE_INFOPLIST_FILE = YES;
				MARKETING_VERSION = 1.0;
				PRODUCT_BUNDLE_IDENTIFIER = annie.iBeaconUITests;
				PRODUCT_NAME = "$(TARGET_NAME)";
				SWIFT_EMIT_LOC_STRINGS = NO;
				SWIFT_VERSION = 5.0;
				TARGETED_DEVICE_FAMILY = "1,2";
				TEST_TARGET_NAME = iBeacon;
			};
			name = Release;
		};
/* End XCBuildConfiguration section */

/* Begin XCConfigurationList section */
		D1576F552DAE4DFC007F0143 /* Build configuration list for PBXProject "iBeacon" */ = {
			isa = XCConfigurationList;
			buildConfigurations = (
				D1576F862DAE4E02007F0143 /* Debug */,
				D1576F872DAE4E02007F0143 /* Release */,
			);
			defaultConfigurationIsVisible = 0;
			defaultConfigurationName = Release;
		};
		D1576F832DAE4E02007F0143 /* Build configuration list for PBXNativeTarget "iBeacon" */ = {
			isa = XCConfigurationList;
			buildConfigurations = (
				D1576F842DAE4E02007F0143 /* Debug */,
				D1576F852DAE4E02007F0143 /* Release */,
			);
			defaultConfigurationIsVisible = 0;
			defaultConfigurationName = Release;
		};
		D1576F882DAE4E02007F0143 /* Build configuration list for PBXNativeTarget "iBeaconTests" */ = {
			isa = XCConfigurationList;
			buildConfigurations = (
				D1576F892DAE4E02007F0143 /* Debug */,
				D1576F8A2DAE4E02007F0143 /* Release */,
			);
			defaultConfigurationIsVisible = 0;
			defaultConfigurationName = Release;
		};
		D1576F8B2DAE4E02007F0143 /* Build configuration list for PBXNativeTarget "iBeaconUITests" */ = {
			isa = XCConfigurationList;
			buildConfigurations = (
				D1576F8C2DAE4E02007F0143 /* Debug */,
				D1576F8D2DAE4E02007F0143 /* Release */,
			);
			defaultConfigurationIsVisible = 0;
			defaultConfigurationName = Release;
		};
/* End XCConfigurationList section */
	};
	rootObject = D1576F522DAE4DFC007F0143 /* Project object */;
}
